// !$*UTF8*$!
{
	archiveVersion = 1;
	classes = {
	};
	objectVersion = 48;
	objects = {

/* Begin PBXBuildFile section */
		F3ECB9E21FABD3AE00DB8E65 /* AppDelegate.swift in Sources */ = {isa = PBXBuildFile; fileRef = F3ECB9E11FABD3AE00DB8E65 /* AppDelegate.swift */; };
		F3ECB9E41FABD3AE00DB8E65 /* ViewController.swift in Sources */ = {isa = PBXBuildFile; fileRef = F3ECB9E31FABD3AE00DB8E65 /* ViewController.swift */; };
		F3ECB9E71FABD3AE00DB8E65 /* Main.storyboard in Resources */ = {isa = PBXBuildFile; fileRef = F3ECB9E51FABD3AE00DB8E65 /* Main.storyboard */; };
		F3ECB9E91FABD3AE00DB8E65 /* Assets.xcassets in Resources */ = {isa = PBXBuildFile; fileRef = F3ECB9E81FABD3AE00DB8E65 /* Assets.xcassets */; };
		F3ECB9EC1FABD3AE00DB8E65 /* LaunchScreen.storyboard in Resources */ = {isa = PBXBuildFile; fileRef = F3ECB9EA1FABD3AE00DB8E65 /* LaunchScreen.storyboard */; };
		F3ECB9F71FABD3AE00DB8E65 /* GestureExampleTests.swift in Sources */ = {isa = PBXBuildFile; fileRef = F3ECB9F61FABD3AE00DB8E65 /* GestureExampleTests.swift */; };
		F3ECBA021FABD3AE00DB8E65 /* GestureExampleUITests.swift in Sources */ = {isa = PBXBuildFile; fileRef = F3ECBA011FABD3AE00DB8E65 /* GestureExampleUITests.swift */; };
/* End PBXBuildFile section */

/* Begin PBXContainerItemProxy section */
		F3ECB9F31FABD3AE00DB8E65 /* PBXContainerItemProxy */ = {
			isa = PBXContainerItemProxy;
			containerPortal = F3ECB9D61FABD3AE00DB8E65 /* Project object */;
			proxyType = 1;
			remoteGlobalIDString = F3ECB9DD1FABD3AE00DB8E65;
			remoteInfo = GestureExample;
		};
		F3ECB9FE1FABD3AE00DB8E65 /* PBXContainerItemProxy */ = {
			isa = PBXContainerItemProxy;
			containerPortal = F3ECB9D61FABD3AE00DB8E65 /* Project object */;
			proxyType = 1;
			remoteGlobalIDString = F3ECB9DD1FABD3AE00DB8E65;
			remoteInfo = GestureExample;
		};
/* End PBXContainerItemProxy section */

/* Begin PBXFileReference section */
		F3ECB9DE1FABD3AE00DB8E65 /* GestureExample.app */ = {isa = PBXFileReference; explicitFileType = wrapper.application; includeInIndex = 0; path = GestureExample.app; sourceTree = BUILT_PRODUCTS_DIR; };
		F3ECB9E11FABD3AE00DB8E65 /* AppDelegate.swift */ = {isa = PBXFileReference; lastKnownFileType = sourcecode.swift; path = AppDelegate.swift; sourceTree = "<group>"; };
		F3ECB9E31FABD3AE00DB8E65 /* ViewController.swift */ = {isa = PBXFileReference; lastKnownFileType = sourcecode.swift; path = ViewController.swift; sourceTree = "<group>"; };
		F3ECB9E61FABD3AE00DB8E65 /* Base */ = {isa = PBXFileReference; lastKnownFileType = file.storyboard; name = Base; path = Base.lproj/Main.storyboard; sourceTree = "<group>"; };
		F3ECB9E81FABD3AE00DB8E65 /* Assets.xcassets */ = {isa = PBXFileReference; lastKnownFileType = folder.assetcatalog; path = Assets.xcassets; sourceTree = "<group>"; };
		F3ECB9EB1FABD3AE00DB8E65 /* Base */ = {isa = PBXFileReference; lastKnownFileType = file.storyboard; name = Base; path = Base.lproj/LaunchScreen.storyboard; sourceTree = "<group>"; };
		F3ECB9ED1FABD3AE00DB8E65 /* Info.plist */ = {isa = PBXFileReference; lastKnownFileType = text.plist.xml; path = Info.plist; sourceTree = "<group>"; };
		F3ECB9F21FABD3AE00DB8E65 /* GestureExampleTests.xctest */ = {isa = PBXFileReference; explicitFileType = wrapper.cfbundle; includeInIndex = 0; path = GestureExampleTests.xctest; sourceTree = BUILT_PRODUCTS_DIR; };
		F3ECB9F61FABD3AE00DB8E65 /* GestureExampleTests.swift */ = {isa = PBXFileReference; lastKnownFileType = sourcecode.swift; path = GestureExampleTests.swift; sourceTree = "<group>"; };
		F3ECB9F81FABD3AE00DB8E65 /* Info.plist */ = {isa = PBXFileReference; lastKnownFileType = text.plist.xml; path = Info.plist; sourceTree = "<group>"; };
		F3ECB9FD1FABD3AE00DB8E65 /* GestureExampleUITests.xctest */ = {isa = PBXFileReference; explicitFileType = wrapper.cfbundle; includeInIndex = 0; path = GestureExampleUITests.xctest; sourceTree = BUILT_PRODUCTS_DIR; };
		F3ECBA011FABD3AE00DB8E65 /* GestureExampleUITests.swift */ = {isa = PBXFileReference; lastKnownFileType = sourcecode.swift; path = GestureExampleUITests.swift; sourceTree = "<group>"; };
		F3ECBA031FABD3AE00DB8E65 /* Info.plist */ = {isa = PBXFileReference; lastKnownFileType = text.plist.xml; path = Info.plist; sourceTree = "<group>"; };
/* End PBXFileReference section */

/* Begin PBXFrameworksBuildPhase section */
		F3ECB9DB1FABD3AE00DB8E65 /* Frameworks */ = {
			isa = PBXFrameworksBuildPhase;
			buildActionMask = 2147483647;
			files = (
			);
			runOnlyForDeploymentPostprocessing = 0;
		};
		F3ECB9EF1FABD3AE00DB8E65 /* Frameworks */ = {
			isa = PBXFrameworksBuildPhase;
			buildActionMask = 2147483647;
			files = (
			);
			runOnlyForDeploymentPostprocessing = 0;
		};
		F3ECB9FA1FABD3AE00DB8E65 /* Frameworks */ = {
			isa = PBXFrameworksBuildPhase;
			buildActionMask = 2147483647;
			files = (
			);
			runOnlyForDeploymentPostprocessing = 0;
		};
/* End PBXFrameworksBuildPhase section */

/* Begin PBXGroup section */
		F3ECB9D51FABD3AE00DB8E65 = {
			isa = PBXGroup;
			children = (
				F3ECB9E01FABD3AE00DB8E65 /* GestureExample */,
				F3ECB9F51FABD3AE00DB8E65 /* GestureExampleTests */,
				F3ECBA001FABD3AE00DB8E65 /* GestureExampleUITests */,
				F3ECB9DF1FABD3AE00DB8E65 /* Products */,
			);
			sourceTree = "<group>";
		};
		F3ECB9DF1FABD3AE00DB8E65 /* Products */ = {
			isa = PBXGroup;
			children = (
				F3ECB9DE1FABD3AE00DB8E65 /* GestureExample.app */,
				F3ECB9F21FABD3AE00DB8E65 /* GestureExampleTests.xctest */,
				F3ECB9FD1FABD3AE00DB8E65 /* GestureExampleUITests.xctest */,
			);
			name = Products;
			sourceTree = "<group>";
		};
		F3ECB9E01FABD3AE00DB8E65 /* GestureExample */ = {
			isa = PBXGroup;
			children = (
				F3ECB9E11FABD3AE00DB8E65 /* AppDelegate.swift */,
				F3ECB9E31FABD3AE00DB8E65 /* ViewController.swift */,
				F3ECB9E51FABD3AE00DB8E65 /* Main.storyboard */,
				F3ECB9E81FABD3AE00DB8E65 /* Assets.xcassets */,
				F3ECB9EA1FABD3AE00DB8E65 /* LaunchScreen.storyboard */,
				F3ECB9ED1FABD3AE00DB8E65 /* Info.plist */,
			);
			path = GestureExample;
			sourceTree = "<group>";
		};
		F3ECB9F51FABD3AE00DB8E65 /* GestureExampleTests */ = {
			isa = PBXGroup;
			children = (
				F3ECB9F61FABD3AE00DB8E65 /* GestureExampleTests.swift */,
				F3ECB9F81FABD3AE00DB8E65 /* Info.plist */,
			);
			path = GestureExampleTests;
			sourceTree = "<group>";
		};
		F3ECBA001FABD3AE00DB8E65 /* GestureExampleUITests */ = {
			isa = PBXGroup;
			children = (
				F3ECBA011FABD3AE00DB8E65 /* GestureExampleUITests.swift */,
				F3ECBA031FABD3AE00DB8E65 /* Info.plist */,
			);
			path = GestureExampleUITests;
			sourceTree = "<group>";
		};
/* End PBXGroup section */

/* Begin PBXNativeTarget section */
		F3ECB9DD1FABD3AE00DB8E65 /* GestureExample */ = {
			isa = PBXNativeTarget;
			buildConfigurationList = F3ECBA061FABD3AE00DB8E65 /* Build configuration list for PBXNativeTarget "GestureExample" */;
			buildPhases = (
				F3ECB9DA1FABD3AE00DB8E65 /* Sources */,
				F3ECB9DB1FABD3AE00DB8E65 /* Frameworks */,
				F3ECB9DC1FABD3AE00DB8E65 /* Resources */,
			);
			buildRules = (
			);
			dependencies = (
			);
			name = GestureExample;
			productName = GestureExample;
			productReference = F3ECB9DE1FABD3AE00DB8E65 /* GestureExample.app */;
			productType = "com.apple.product-type.application";
		};
		F3ECB9F11FABD3AE00DB8E65 /* GestureExampleTests */ = {
			isa = PBXNativeTarget;
			buildConfigurationList = F3ECBA091FABD3AE00DB8E65 /* Build configuration list for PBXNativeTarget "GestureExampleTests" */;
			buildPhases = (
				F3ECB9EE1FABD3AE00DB8E65 /* Sources */,
				F3ECB9EF1FABD3AE00DB8E65 /* Frameworks */,
				F3ECB9F01FABD3AE00DB8E65 /* Resources */,
			);
			buildRules = (
			);
			dependencies = (
				F3ECB9F41FABD3AE00DB8E65 /* PBXTargetDependency */,
			);
			name = GestureExampleTests;
			productName = GestureExampleTests;
			productReference = F3ECB9F21FABD3AE00DB8E65 /* GestureExampleTests.xctest */;
			productType = "com.apple.product-type.bundle.unit-test";
		};
		F3ECB9FC1FABD3AE00DB8E65 /* GestureExampleUITests */ = {
			isa = PBXNativeTarget;
			buildConfigurationList = F3ECBA0C1FABD3AE00DB8E65 /* Build configuration list for PBXNativeTarget "GestureExampleUITests" */;
			buildPhases = (
				F3ECB9F91FABD3AE00DB8E65 /* Sources */,
				F3ECB9FA1FABD3AE00DB8E65 /* Frameworks */,
				F3ECB9FB1FABD3AE00DB8E65 /* Resources */,
			);
			buildRules = (
			);
			dependencies = (
				F3ECB9FF1FABD3AE00DB8E65 /* PBXTargetDependency */,
			);
			name = GestureExampleUITests;
			productName = GestureExampleUITests;
			productReference = F3ECB9FD1FABD3AE00DB8E65 /* GestureExampleUITests.xctest */;
			productType = "com.apple.product-type.bundle.ui-testing";
		};
/* End PBXNativeTarget section */

/* Begin PBXProject section */
		F3ECB9D61FABD3AE00DB8E65 /* Project object */ = {
			isa = PBXProject;
			attributes = {
				LastSwiftUpdateCheck = 0910;
				LastUpgradeCheck = 0910;
				ORGANIZATIONNAME = "Gregory Rudolph";
				TargetAttributes = {
					F3ECB9DD1FABD3AE00DB8E65 = {
						CreatedOnToolsVersion = 9.1;
						ProvisioningStyle = Automatic;
					};
					F3ECB9F11FABD3AE00DB8E65 = {
						CreatedOnToolsVersion = 9.1;
						ProvisioningStyle = Automatic;
						TestTargetID = F3ECB9DD1FABD3AE00DB8E65;
					};
					F3ECB9FC1FABD3AE00DB8E65 = {
						CreatedOnToolsVersion = 9.1;
						ProvisioningStyle = Automatic;
						TestTargetID = F3ECB9DD1FABD3AE00DB8E65;
					};
				};
			};
			buildConfigurationList = F3ECB9D91FABD3AE00DB8E65 /* Build configuration list for PBXProject "GestureExample" */;
			compatibilityVersion = "Xcode 8.0";
			developmentRegion = en;
			hasScannedForEncodings = 0;
			knownRegions = (
				en,
				Base,
			);
			mainGroup = F3ECB9D51FABD3AE00DB8E65;
			productRefGroup = F3ECB9DF1FABD3AE00DB8E65 /* Products */;
			projectDirPath = "";
			projectRoot = "";
			targets = (
				F3ECB9DD1FABD3AE00DB8E65 /* GestureExample */,
				F3ECB9F11FABD3AE00DB8E65 /* GestureExampleTests */,
				F3ECB9FC1FABD3AE00DB8E65 /* GestureExampleUITests */,
			);
		};
/* End PBXProject section */

/* Begin PBXResourcesBuildPhase section */
		F3ECB9DC1FABD3AE00DB8E65 /* Resources */ = {
			isa = PBXResourcesBuildPhase;
			buildActionMask = 2147483647;
			files = (
				F3ECB9EC1FABD3AE00DB8E65 /* LaunchScreen.storyboard in Resources */,
				F3ECB9E91FABD3AE00DB8E65 /* Assets.xcassets in Resources */,
				F3ECB9E71FABD3AE00DB8E65 /* Main.storyboard in Resources */,
			);
			runOnlyForDeploymentPostprocessing = 0;
		};
		F3ECB9F01FABD3AE00DB8E65 /* Resources */ = {
			isa = PBXResourcesBuildPhase;
			buildActionMask = 2147483647;
			files = (
			);
			runOnlyForDeploymentPostprocessing = 0;
		};
		F3ECB9FB1FABD3AE00DB8E65 /* Resources */ = {
			isa = PBXResourcesBuildPhase;
			buildActionMask = 2147483647;
			files = (
			);
			runOnlyForDeploymentPostprocessing = 0;
		};
/* End PBXResourcesBuildPhase section */

/* Begin PBXSourcesBuildPhase section */
		F3ECB9DA1FABD3AE00DB8E65 /* Sources */ = {
			isa = PBXSourcesBuildPhase;
			buildActionMask = 2147483647;
			files = (
				F3ECB9E41FABD3AE00DB8E65 /* ViewController.swift in Sources */,
				F3ECB9E21FABD3AE00DB8E65 /* AppDelegate.swift in Sources */,
			);
			runOnlyForDeploymentPostprocessing = 0;
		};
		F3ECB9EE1FABD3AE00DB8E65 /* Sources */ = {
			isa = PBXSourcesBuildPhase;
			buildActionMask = 2147483647;
			files = (
				F3ECB9F71FABD3AE00DB8E65 /* GestureExampleTests.swift in Sources */,
			);
			runOnlyForDeploymentPostprocessing = 0;
		};
		F3ECB9F91FABD3AE00DB8E65 /* Sources */ = {
			isa = PBXSourcesBuildPhase;
			buildActionMask = 2147483647;
			files = (
				F3ECBA021FABD3AE00DB8E65 /* GestureExampleUITests.swift in Sources */,
			);
			runOnlyForDeploymentPostprocessing = 0;
		};
/* End PBXSourcesBuildPhase section */

/* Begin PBXTargetDependency section */
		F3ECB9F41FABD3AE00DB8E65 /* PBXTargetDependency */ = {
			isa = PBXTargetDependency;
			target = F3ECB9DD1FABD3AE00DB8E65 /* GestureExample */;
			targetProxy = F3ECB9F31FABD3AE00DB8E65 /* PBXContainerItemProxy */;
		};
		F3ECB9FF1FABD3AE00DB8E65 /* PBXTargetDependency */ = {
			isa = PBXTargetDependency;
			target = F3ECB9DD1FABD3AE00DB8E65 /* GestureExample */;
			targetProxy = F3ECB9FE1FABD3AE00DB8E65 /* PBXContainerItemProxy */;
		};
/* End PBXTargetDependency section */

/* Begin PBXVariantGroup section */
		F3ECB9E51FABD3AE00DB8E65 /* Main.storyboard */ = {
			isa = PBXVariantGroup;
			children = (
				F3ECB9E61FABD3AE00DB8E65 /* Base */,
			);
			name = Main.storyboard;
			sourceTree = "<group>";
		};
		F3ECB9EA1FABD3AE00DB8E65 /* LaunchScreen.storyboard */ = {
			isa = PBXVariantGroup;
			children = (
				F3ECB9EB1FABD3AE00DB8E65 /* Base */,
			);
			name = LaunchScreen.storyboard;
			sourceTree = "<group>";
		};
/* End PBXVariantGroup section */

/* Begin XCBuildConfiguration section */
		F3ECBA041FABD3AE00DB8E65 /* Debug */ = {
			isa = XCBuildConfiguration;
			buildSettings = {
				ALWAYS_SEARCH_USER_PATHS = NO;
				CLANG_ANALYZER_NONNULL = YES;
				CLANG_ANALYZER_NUMBER_OBJECT_CONVERSION = YES_AGGRESSIVE;
				CLANG_CXX_LANGUAGE_STANDARD = "gnu++14";
				CLANG_CXX_LIBRARY = "libc++";
				CLANG_ENABLE_MODULES = YES;
				CLANG_ENABLE_OBJC_ARC = YES;
				CLANG_WARN_BLOCK_CAPTURE_AUTORELEASING = YES;
				CLANG_WARN_BOOL_CONVERSION = YES;
				CLANG_WARN_COMMA = YES;
				CLANG_WARN_CONSTANT_CONVERSION = YES;
				CLANG_WARN_DIRECT_OBJC_ISA_USAGE = YES_ERROR;
				CLANG_WARN_DOCUMENTATION_COMMENTS = YES;
				CLANG_WARN_EMPTY_BODY = YES;
				CLANG_WARN_ENUM_CONVERSION = YES;
				CLANG_WARN_INFINITE_RECURSION = YES;
				CLANG_WARN_INT_CONVERSION = YES;
				CLANG_WARN_NON_LITERAL_NULL_CONVERSION = YES;
				CLANG_WARN_OBJC_LITERAL_CONVERSION = YES;
				CLANG_WARN_OBJC_ROOT_CLASS = YES_ERROR;
				CLANG_WARN_RANGE_LOOP_ANALYSIS = YES;
				CLANG_WARN_STRICT_PROTOTYPES = YES;
				CLANG_WARN_SUSPICIOUS_MOVE = YES;
				CLANG_WARN_UNGUARDED_AVAILABILITY = YES_AGGRESSIVE;
				CLANG_WARN_UNREACHABLE_CODE = YES;
				CLANG_WARN__DUPLICATE_METHOD_MATCH = YES;
				CODE_SIGN_IDENTITY = "iPhone Developer";
				COPY_PHASE_STRIP = NO;
				DEBUG_INFORMATION_FORMAT = dwarf;
				ENABLE_STRICT_OBJC_MSGSEND = YES;
				ENABLE_TESTABILITY = YES;
				GCC_C_LANGUAGE_STANDARD = gnu11;
				GCC_DYNAMIC_NO_PIC = NO;
				GCC_NO_COMMON_BLOCKS = YES;
				GCC_OPTIMIZATION_LEVEL = 0;
				GCC_PREPROCESSOR_DEFINITIONS = (
					"DEBUG=1",
					"$(inherited)",
				);
				GCC_WARN_64_TO_32_BIT_CONVERSION = YES;
				GCC_WARN_ABOUT_RETURN_TYPE = YES_ERROR;
				GCC_WARN_UNDECLARED_SELECTOR = YES;
				GCC_WARN_UNINITIALIZED_AUTOS = YES_AGGRESSIVE;
				GCC_WARN_UNUSED_FUNCTION = YES;
				GCC_WARN_UNUSED_VARIABLE = YES;
				IPHONEOS_DEPLOYMENT_TARGET = 11.1;
				MTL_ENABLE_DEBUG_INFO = YES;
				ONLY_ACTIVE_ARCH = YES;
				SDKROOT = iphoneos;
				SWIFT_ACTIVE_COMPILATION_CONDITIONS = DEBUG;
				SWIFT_OPTIMIZATION_LEVEL = "-Onone";
			};
			name = Debug;
		};
		F3ECBA051FABD3AE00DB8E65 /* Release */ = {
			isa = XCBuildConfiguration;
			buildSettings = {
				ALWAYS_SEARCH_USER_PATHS = NO;
				CLANG_ANALYZER_NONNULL = YES;
				CLANG_ANALYZER_NUMBER_OBJECT_CONVERSION = YES_AGGRESSIVE;
				CLANG_CXX_LANGUAGE_STANDARD = "gnu++14";
				CLANG_CXX_LIBRARY = "libc++";
				CLANG_ENABLE_MODULES = YES;
				CLANG_ENABLE_OBJC_ARC = YES;
				CLANG_WARN_BLOCK_CAPTURE_AUTORELEASING = YES;
				CLANG_WARN_BOOL_CONVERSION = YES;
				CLANG_WARN_COMMA = YES;
				CLANG_WARN_CONSTANT_CONVERSION = YES;
				CLANG_WARN_DIRECT_OBJC_ISA_USAGE = YES_ERROR;
				CLANG_WARN_DOCUMENTATION_COMMENTS = YES;
				CLANG_WARN_EMPTY_BODY = YES;
				CLANG_WARN_ENUM_CONVERSION = YES;
				CLANG_WARN_INFINITE_RECURSION = YES;
				CLANG_WARN_INT_CONVERSION = YES;
				CLANG_WARN_NON_LITERAL_NULL_CONVERSION = YES;
				CLANG_WARN_OBJC_LITERAL_CONVERSION = YES;
				CLANG_WARN_OBJC_ROOT_CLASS = YES_ERROR;
				CLANG_WARN_RANGE_LOOP_ANALYSIS = YES;
				CLANG_WARN_STRICT_PROTOTYPES = YES;
				CLANG_WARN_SUSPICIOUS_MOVE = YES;
				CLANG_WARN_UNGUARDED_AVAILABILITY = YES_AGGRESSIVE;
				CLANG_WARN_UNREACHABLE_CODE = YES;
				CLANG_WARN__DUPLICATE_METHOD_MATCH = YES;
				CODE_SIGN_IDENTITY = "iPhone Developer";
				COPY_PHASE_STRIP = NO;
				DEBUG_INFORMATION_FORMAT = "dwarf-with-dsym";
				ENABLE_NS_ASSERTIONS = NO;
				ENABLE_STRICT_OBJC_MSGSEND = YES;
				GCC_C_LANGUAGE_STANDARD = gnu11;
				GCC_NO_COMMON_BLOCKS = YES;
				GCC_WARN_64_TO_32_BIT_CONVERSION = YES;
				GCC_WARN_ABOUT_RETURN_TYPE = YES_ERROR;
				GCC_WARN_UNDECLARED_SELECTOR = YES;
				GCC_WARN_UNINITIALIZED_AUTOS = YES_AGGRESSIVE;
				GCC_WARN_UNUSED_FUNCTION = YES;
				GCC_WARN_UNUSED_VARIABLE = YES;
				IPHONEOS_DEPLOYMENT_TARGET = 11.1;
				MTL_ENABLE_DEBUG_INFO = NO;
				SDKROOT = iphoneos;
				SWIFT_OPTIMIZATION_LEVEL = "-Owholemodule";
				VALIDATE_PRODUCT = YES;
			};
			name = Release;
		};
		F3ECBA071FABD3AE00DB8E65 /* Debug */ = {
			isa = XCBuildConfiguration;
			buildSettings = {
				ASSETCATALOG_COMPILER_APPICON_NAME = AppIcon;
				CODE_SIGN_STYLE = Automatic;
				DEVELOPMENT_TEAM = 8R59S3FFWG;
				INFOPLIST_FILE = GestureExample/Info.plist;
				LD_RUNPATH_SEARCH_PATHS = "$(inherited) @executable_path/Frameworks";
				PRODUCT_BUNDLE_IDENTIFIER = haus.nightmare.GestureExample;
				PRODUCT_NAME = "$(TARGET_NAME)";
				SWIFT_VERSION = 4.0;
				TARGETED_DEVICE_FAMILY = "1,2";
			};
			name = Debug;
		};
		F3ECBA081FABD3AE00DB8E65 /* Release */ = {
			isa = XCBuildConfiguration;
			buildSettings = {
				ASSETCATALOG_COMPILER_APPICON_NAME = AppIcon;
				CODE_SIGN_STYLE = Automatic;
				DEVELOPMENT_TEAM = 8R59S3FFWG;
				INFOPLIST_FILE = GestureExample/Info.plist;
				LD_RUNPATH_SEARCH_PATHS = "$(inherited) @executable_path/Frameworks";
				PRODUCT_BUNDLE_IDENTIFIER = haus.nightmare.GestureExample;
				PRODUCT_NAME = "$(TARGET_NAME)";
				SWIFT_VERSION = 4.0;
				TARGETED_DEVICE_FAMILY = "1,2";
			};
			name = Release;
		};
		F3ECBA0A1FABD3AE00DB8E65 /* Debug */ = {
			isa = XCBuildConfiguration;
			buildSettings = {
				ALWAYS_EMBED_SWIFT_STANDARD_LIBRARIES = YES;
				BUNDLE_LOADER = "$(TEST_HOST)";
				CODE_SIGN_STYLE = Automatic;
				DEVELOPMENT_TEAM = 8R59S3FFWG;
				INFOPLIST_FILE = GestureExampleTests/Info.plist;
				LD_RUNPATH_SEARCH_PATHS = "$(inherited) @executable_path/Frameworks @loader_path/Frameworks";
				PRODUCT_BUNDLE_IDENTIFIER = haus.nightmare.GestureExampleTests;
				PRODUCT_NAME = "$(TARGET_NAME)";
				SWIFT_VERSION = 4.0;
				TARGETED_DEVICE_FAMILY = "1,2";
				TEST_HOST = "$(BUILT_PRODUCTS_DIR)/GestureExample.app/GestureExample";
			};
			name = Debug;
		};
		F3ECBA0B1FABD3AE00DB8E65 /* Release */ = {
			isa = XCBuildConfiguration;
			buildSettings = {
				ALWAYS_EMBED_SWIFT_STANDARD_LIBRARIES = YES;
				BUNDLE_LOADER = "$(TEST_HOST)";
				CODE_SIGN_STYLE = Automatic;
				DEVELOPMENT_TEAM = 8R59S3FFWG;
				INFOPLIST_FILE = GestureExampleTests/Info.plist;
				LD_RUNPATH_SEARCH_PATHS = "$(inherited) @executable_path/Frameworks @loader_path/Frameworks";
				PRODUCT_BUNDLE_IDENTIFIER = haus.nightmare.GestureExampleTests;
				PRODUCT_NAME = "$(TARGET_NAME)";
				SWIFT_VERSION = 4.0;
				TARGETED_DEVICE_FAMILY = "1,2";
				TEST_HOST = "$(BUILT_PRODUCTS_DIR)/GestureExample.app/GestureExample";
			};
			name = Release;
		};
		F3ECBA0D1FABD3AE00DB8E65 /* Debug */ = {
			isa = XCBuildConfiguration;
			buildSettings = {
				ALWAYS_EMBED_SWIFT_STANDARD_LIBRARIES = YES;
				CODE_SIGN_STYLE = Automatic;
				DEVELOPMENT_TEAM = 8R59S3FFWG;
				INFOPLIST_FILE = GestureExampleUITests/Info.plist;
				LD_RUNPATH_SEARCH_PATHS = "$(inherited) @executable_path/Frameworks @loader_path/Frameworks";
				PRODUCT_BUNDLE_IDENTIFIER = haus.nightmare.GestureExampleUITests;
				PRODUCT_NAME = "$(TARGET_NAME)";
				SWIFT_VERSION = 4.0;
				TARGETED_DEVICE_FAMILY = "1,2";
				TEST_TARGET_NAME = GestureExample;
			};
			name = Debug;
		};
		F3ECBA0E1FABD3AE00DB8E65 /* Release */ = {
			isa = XCBuildConfiguration;
			buildSettings = {
				ALWAYS_EMBED_SWIFT_STANDARD_LIBRARIES = YES;
				CODE_SIGN_STYLE = Automatic;
				DEVELOPMENT_TEAM = 8R59S3FFWG;
				INFOPLIST_FILE = GestureExampleUITests/Info.plist;
				LD_RUNPATH_SEARCH_PATHS = "$(inherited) @executable_path/Frameworks @loader_path/Frameworks";
				PRODUCT_BUNDLE_IDENTIFIER = haus.nightmare.GestureExampleUITests;
				PRODUCT_NAME = "$(TARGET_NAME)";
				SWIFT_VERSION = 4.0;
				TARGETED_DEVICE_FAMILY = "1,2";
				TEST_TARGET_NAME = GestureExample;
			};
			name = Release;
		};
/* End XCBuildConfiguration section */

/* Begin XCConfigurationList section */
		F3ECB9D91FABD3AE00DB8E65 /* Build configuration list for PBXProject "GestureExample" */ = {
			isa = XCConfigurationList;
			buildConfigurations = (
				F3ECBA041FABD3AE00DB8E65 /* Debug */,
				F3ECBA051FABD3AE00DB8E65 /* Release */,
			);
			defaultConfigurationIsVisible = 0;
			defaultConfigurationName = Release;
		};
		F3ECBA061FABD3AE00DB8E65 /* Build configuration list for PBXNativeTarget "GestureExample" */ = {
			isa = XCConfigurationList;
			buildConfigurations = (
				F3ECBA071FABD3AE00DB8E65 /* Debug */,
				F3ECBA081FABD3AE00DB8E65 /* Release */,
			);
			defaultConfigurationIsVisible = 0;
			defaultConfigurationName = Release;
		};
		F3ECBA091FABD3AE00DB8E65 /* Build configuration list for PBXNativeTarget "GestureExampleTests" */ = {
			isa = XCConfigurationList;
			buildConfigurations = (
				F3ECBA0A1FABD3AE00DB8E65 /* Debug */,
				F3ECBA0B1FABD3AE00DB8E65 /* Release */,
			);
			defaultConfigurationIsVisible = 0;
			defaultConfigurationName = Release;
		};
		F3ECBA0C1FABD3AE00DB8E65 /* Build configuration list for PBXNativeTarget "GestureExampleUITests" */ = {
			isa = XCConfigurationList;
			buildConfigurations = (
				F3ECBA0D1FABD3AE00DB8E65 /* Debug */,
				F3ECBA0E1FABD3AE00DB8E65 /* Release */,
			);
			defaultConfigurationIsVisible = 0;
			defaultConfigurationName = Release;
		};
/* End XCConfigurationList section */
	};
	rootObject = F3ECB9D61FABD3AE00DB8E65 /* Project object */;
}
